
Microsoft Visual Studio Solution File, Format Version 12.00
# Visual Studio 15
VisualStudioVersion = 15.0.28307.852
MinimumVisualStudioVersion = 10.0.40219.1
Project("{FAE04EC0-301F-11D3-BF4B-00C04F79EFBC}") = "Inv", "Inv\Inv.csproj", "{C9B3782A-4E2C-4FD6-8FD8-0638FA240A96}"
EndProject
Global
	GlobalSection(SolutionConfigurationPlatforms) = preSolution
		Debug|Any CPU = Debug|Any CPU
		Release|Any CPU = Release|Any CPU
	EndGlobalSection
	GlobalSection(ProjectConfigurationPlatforms) = postSolution
		{C9B3782A-4E2C-4FD6-8FD8-0638FA240A96}.Debug|Any CPU.ActiveCfg = Debug|Any CPU
		{C9B3782A-4E2C-4FD6-8FD8-0638FA240A96}.Debug|Any CPU.Build.0 = Debug|Any CPU
		{C9B3782A-4E2C-4FD6-8FD8-0638FA240A96}.Release|Any CPU.ActiveCfg = Release|Any CPU
		{C9B3782A-4E2C-4FD6-8FD8-0638FA240A96}.Release|Any CPU.Build.0 = Release|Any CPU
	EndGlobalSection
	GlobalSection(SolutionProperties) = preSolution
		HideSolutionNode = FALSE
	EndGlobalSection
	GlobalSection(ExtensibilityGlobals) = postSolution
		SolutionGuid = {47F692D4-9A8F-4B85-B121-19AA2A75A8A2}
	EndGlobalSection
EndGlobal
